
Microsoft Visual Studio Solution File, Format Version 12.00
# Visual Studio Version 17
VisualStudioVersion = 17.14.37614.0
MinimumVisualStudioVersion = 10.0.40219.1
Project("{FAE04EC0-301F-11D3-BF4B-00C04F79EFBC}") = "Lab2.CarFleet", "Lab1.CarFleet\Lab2.CarFleet.csproj", "{CC840326-A273-4EC4-87E4-7205D8E86B7C}"
EndProject
Global
	GlobalSection(SolutionConfigurationPlatforms) = preSolution
		Debug|Any CPU = Debug|Any CPU
		Release|Any CPU = Release|Any CPU
	EndGlobalSection
	GlobalSection(ProjectConfigurationPlatforms) = postSolution
		{CC840326-A273-4EC4-87E4-7205D8E86B7C}.Debug|Any CPU.ActiveCfg = Debug|Any CPU
		{CC840326-A273-4EC4-87E4-7205D8E86B7C}.Debug|Any CPU.Build.0 = Debug|Any CPU
		{CC840326-A273-4EC4-87E4-7205D8E86B7C}.Release|Any CPU.ActiveCfg = Release|Any CPU
		{CC840326-A273-4EC4-87E4-7205D8E86B7C}.Release|Any CPU.Build.0 = Release|Any CPU
	EndGlobalSection
	GlobalSection(SolutionProperties) = preSolution
		HideSolutionNode = FALSE
	EndGlobalSection
	GlobalSection(ExtensibilityGlobals) = postSolution
		SolutionGuid = {19DAD3A4-84EF-4931-8B5E-D3F09C3FB4D1}
	EndGlobalSection
EndGlobal
